
Microsoft Visual Studio Solution File, Format Version 11.00
# Visual C++ Express 2010
Project("{8BC9CEB8-8B4A-11D0-8D11-00A0C91BC942}") = "ProjetoORI", "ProjetoORI\ProjetoORI.vcxproj", "{728630F2-FE77-4AB3-89B2-287C27BFF9E3}"
EndProject
Global
	GlobalSection(SolutionConfigurationPlatforms) = preSolution
		Debug|Win32 = Debug|Win32
		Release|Win32 = Release|Win32
	EndGlobalSection
	GlobalSection(ProjectConfigurationPlatforms) = postSolution
		{728630F2-FE77-4AB3-89B2-287C27BFF9E3}.Debug|Win32.ActiveCfg = Debug|Win32
		{728630F2-FE77-4AB3-89B2-287C27BFF9E3}.Debug|Win32.Build.0 = Debug|Win32
		{728630F2-FE77-4AB3-89B2-287C27BFF9E3}.Release|Win32.ActiveCfg = Release|Win32
		{728630F2-FE77-4AB3-89B2-287C27BFF9E3}.Release|Win32.Build.0 = Release|Win32
	EndGlobalSection
	GlobalSection(SolutionProperties) = preSolution
		HideSolutionNode = FALSE
	EndGlobalSection
EndGlobal
